
Microsoft Visual Studio Solution File, Format Version 12.00
# Visual Studio Version 17
VisualStudioVersion = 17.4.33110.190
MinimumVisualStudioVersion = 10.0.40219.1
Project("{9A19103F-16F7-4668-BE54-9A1E7A4F7556}") = "OverlayMap", "OverlayMap\OverlayMap.csproj", "{F7AA4200-7FFF-4293-843D-291B2448D7BC}"
EndProject
Project("{2150E333-8FDC-42A3-9474-1A3956D46DE8}") = "Solution Items", "Solution Items", "{5A0F1070-A8CB-4CFC-883D-7BCF2D9EC9A9}"
	ProjectSection(SolutionItems) = preProject
		.editorconfig = .editorconfig
	EndProjectSection
EndProject
Project("{9A19103F-16F7-4668-BE54-9A1E7A4F7556}") = "StaminaBar", "StaminaBar\StaminaBar.csproj", "{C35ED36A-0021-4B9C-B848-A158CFB59652}"
EndProject
Project("{9A19103F-16F7-4668-BE54-9A1E7A4F7556}") = "DevTools", "DevTools\DevTools.csproj", "{F307EFAD-0352-469E-8DC2-49A7185D032A}"
EndProject
Project("{9A19103F-16F7-4668-BE54-9A1E7A4F7556}") = "BetterPayableUpgrade", "BetterPayableUpgrade\BetterPayableUpgrade.csproj", "{18F60A34-6683-4950-ADA2-2C3B464D8B7B}"
EndProject
Project("{FAE04EC0-301F-11D3-BF4B-00C04F79EFBC}") = "SharedLib", "SharedLib\SharedLib.csproj", "{1AF0E9D6-6D76-455B-BEA5-91C79302E48D}"
EndProject
Global
	GlobalSection(SolutionConfigurationPlatforms) = preSolution
		BIE6_IL2CPP|Any CPU = BIE6_IL2CPP|Any CPU
		BIE6_Mono|Any CPU = BIE6_Mono|Any CPU
		Debug|Any CPU = Debug|Any CPU
	EndGlobalSection
	GlobalSection(ProjectConfigurationPlatforms) = postSolution
		{F7AA4200-7FFF-4293-843D-291B2448D7BC}.BIE6_IL2CPP|Any CPU.ActiveCfg = BIE6_IL2CPP|Any CPU
		{F7AA4200-7FFF-4293-843D-291B2448D7BC}.BIE6_IL2CPP|Any CPU.Build.0 = BIE6_IL2CPP|Any CPU
		{F7AA4200-7FFF-4293-843D-291B2448D7BC}.BIE6_Mono|Any CPU.ActiveCfg = BIE6_Mono|Any CPU
		{F7AA4200-7FFF-4293-843D-291B2448D7BC}.BIE6_Mono|Any CPU.Build.0 = BIE6_Mono|Any CPU
		{F7AA4200-7FFF-4293-843D-291B2448D7BC}.Debug|Any CPU.ActiveCfg = Debug|Any CPU
		{F7AA4200-7FFF-4293-843D-291B2448D7BC}.Debug|Any CPU.Build.0 = Debug|Any CPU
		{C35ED36A-0021-4B9C-B848-A158CFB59652}.BIE6_IL2CPP|Any CPU.ActiveCfg = BIE6_IL2CPP|Any CPU
		{C35ED36A-0021-4B9C-B848-A158CFB59652}.BIE6_IL2CPP|Any CPU.Build.0 = BIE6_IL2CPP|Any CPU
		{C35ED36A-0021-4B9C-B848-A158CFB59652}.BIE6_Mono|Any CPU.ActiveCfg = BIE6_Mono|Any CPU
		{C35ED36A-0021-4B9C-B848-A158CFB59652}.BIE6_Mono|Any CPU.Build.0 = BIE6_Mono|Any CPU
		{C35ED36A-0021-4B9C-B848-A158CFB59652}.Debug|Any CPU.ActiveCfg = Debug|Any CPU
		{C35ED36A-0021-4B9C-B848-A158CFB59652}.Debug|Any CPU.Build.0 = Debug|Any CPU
		{F307EFAD-0352-469E-8DC2-49A7185D032A}.BIE6_IL2CPP|Any CPU.ActiveCfg = BIE6_IL2CPP|Any CPU
		{F307EFAD-0352-469E-8DC2-49A7185D032A}.BIE6_IL2CPP|Any CPU.Build.0 = BIE6_IL2CPP|Any CPU
		{F307EFAD-0352-469E-8DC2-49A7185D032A}.BIE6_Mono|Any CPU.ActiveCfg = BIE6_Mono|Any CPU
		{F307EFAD-0352-469E-8DC2-49A7185D032A}.BIE6_Mono|Any CPU.Build.0 = BIE6_Mono|Any CPU
		{F307EFAD-0352-469E-8DC2-49A7185D032A}.Debug|Any CPU.ActiveCfg = Debug|Any CPU
		{F307EFAD-0352-469E-8DC2-49A7185D032A}.Debug|Any CPU.Build.0 = Debug|Any CPU
		{18F60A34-6683-4950-ADA2-2C3B464D8B7B}.BIE6_IL2CPP|Any CPU.ActiveCfg = BIE6_IL2CPP|Any CPU
		{18F60A34-6683-4950-ADA2-2C3B464D8B7B}.BIE6_IL2CPP|Any CPU.Build.0 = BIE6_IL2CPP|Any CPU
		{18F60A34-6683-4950-ADA2-2C3B464D8B7B}.BIE6_Mono|Any CPU.ActiveCfg = BIE6_Mono|Any CPU
		{18F60A34-6683-4950-ADA2-2C3B464D8B7B}.BIE6_Mono|Any CPU.Build.0 = BIE6_Mono|Any CPU
		{18F60A34-6683-4950-ADA2-2C3B464D8B7B}.Debug|Any CPU.ActiveCfg = Debug|Any CPU
		{18F60A34-6683-4950-ADA2-2C3B464D8B7B}.Debug|Any CPU.Build.0 = Debug|Any CPU
		{1AF0E9D6-6D76-455B-BEA5-91C79302E48D}.BIE6_IL2CPP|Any CPU.ActiveCfg = BIE6_IL2CPP|Any CPU
		{1AF0E9D6-6D76-455B-BEA5-91C79302E48D}.BIE6_IL2CPP|Any CPU.Build.0 = BIE6_IL2CPP|Any CPU
		{1AF0E9D6-6D76-455B-BEA5-91C79302E48D}.BIE6_Mono|Any CPU.ActiveCfg = BIE6_Mono|Any CPU
		{1AF0E9D6-6D76-455B-BEA5-91C79302E48D}.BIE6_Mono|Any CPU.Build.0 = BIE6_Mono|Any CPU
		{1AF0E9D6-6D76-455B-BEA5-91C79302E48D}.Debug|Any CPU.ActiveCfg = Debug|Any CPU
		{1AF0E9D6-6D76-455B-BEA5-91C79302E48D}.Debug|Any CPU.Build.0 = Debug|Any CPU
	EndGlobalSection
	GlobalSection(SolutionProperties) = preSolution
		HideSolutionNode = FALSE
	EndGlobalSection
	GlobalSection(ExtensibilityGlobals) = postSolution
		SolutionGuid = {50C45E51-3CA2-41E6-ABF3-EC739DD34082}
	EndGlobalSection
EndGlobal
