
Microsoft Visual Studio Solution File, Format Version 12.00
# Visual Studio Version 17
VisualStudioVersion = 17.4.33110.190
MinimumVisualStudioVersion = 10.0.40219.1
Project("{9A19103F-16F7-4668-BE54-9A1E7A4F7556}") = "KingdomMapMod.TwoCrowns", "KingdomMapMod.TwoCrowns\KingdomMapMod.TwoCrowns.csproj", "{F7AA4200-7FFF-4293-843D-291B2448D7BC}"
EndProject
Project("{2150E333-8FDC-42A3-9474-1A3956D46DE8}") = "Solution Items", "Solution Items", "{5A0F1070-A8CB-4CFC-883D-7BCF2D9EC9A9}"
	ProjectSection(SolutionItems) = preProject
		.editorconfig = .editorconfig
	EndProjectSection
EndProject
Global
	GlobalSection(SolutionConfigurationPlatforms) = preSolution
		Debug|Any CPU = Debug|Any CPU
		Release|Any CPU = Release|Any CPU
	EndGlobalSection
	GlobalSection(ProjectConfigurationPlatforms) = postSolution
		{F7AA4200-7FFF-4293-843D-291B2448D7BC}.Debug|Any CPU.ActiveCfg = Debug|Any CPU
		{F7AA4200-7FFF-4293-843D-291B2448D7BC}.Debug|Any CPU.Build.0 = Debug|Any CPU
		{F7AA4200-7FFF-4293-843D-291B2448D7BC}.Release|Any CPU.ActiveCfg = Release|Any CPU
		{F7AA4200-7FFF-4293-843D-291B2448D7BC}.Release|Any CPU.Build.0 = Release|Any CPU
	EndGlobalSection
	GlobalSection(SolutionProperties) = preSolution
		HideSolutionNode = FALSE
	EndGlobalSection
	GlobalSection(ExtensibilityGlobals) = postSolution
		SolutionGuid = {50C45E51-3CA2-41E6-ABF3-EC739DD34082}
	EndGlobalSection
EndGlobal
